
Microsoft Visual Studio Solution File, Format Version 12.00
# Visual Studio Version 17
VisualStudioVersion = 17.5.33530.505
MinimumVisualStudioVersion = 10.0.40219.1
Project("{FAE04EC0-301F-11D3-BF4B-00C04F79EFBC}") = "Pierwszy projekt", "Pierwszy projekt\Pierwszy projekt.csproj", "{27D92294-2B71-45D7-BD18-3D738D59A583}"
EndProject
Project("{FAE04EC0-301F-11D3-BF4B-00C04F79EFBC}") = "DaneOsobowe", "DaneOsobowe\DaneOsobowe.csproj", "{9A9728E6-979E-4EB7-9AEF-787DD63709CD}"
EndProject
Project("{FAE04EC0-301F-11D3-BF4B-00C04F79EFBC}") = "Konstruktory", "Konstruktory\Konstruktory.csproj", "{CC9FCF0F-95E2-4FD5-9F13-9B621747BE26}"
EndProject
Project("{FAE04EC0-301F-11D3-BF4B-00C04F79EFBC}") = "Dziedziczenie", "Dziedziczenie\Dziedziczenie.csproj", "{D7257889-E2F9-4369-BE11-A85A58F47986}"
EndProject
Project("{FAE04EC0-301F-11D3-BF4B-00C04F79EFBC}") = "Ulamki", "Ulamki\Ulamki.csproj", "{017F0E28-C24B-4375-8AE3-EA54F386EDA9}"
EndProject
Project("{9A19103F-16F7-4668-BE54-9A1E7A4F7556}") = "Obsługa błedów", "Obsługa błedów\Obsługa błedów.csproj", "{14CF34E2-3C9E-4791-8B42-9FDACEC8C6A2}"
EndProject
Project("{9A19103F-16F7-4668-BE54-9A1E7A4F7556}") = "Przetwarzanie numeru pesel", "Przetwarzanie numeru pesel\Przetwarzanie numeru pesel.csproj", "{135C900B-2E90-446C-A071-C0501BCC32EE}"
EndProject
Project("{9A19103F-16F7-4668-BE54-9A1E7A4F7556}") = "Delegaty", "Delegaty\Delegaty.csproj", "{A72B4EBC-8C68-43B3-A0AE-ECE35894AC6A}"
EndProject
Project("{9A19103F-16F7-4668-BE54-9A1E7A4F7556}") = "Kolekcje", "Kolekcje\Kolekcje.csproj", "{3D27A825-7D6C-4895-98DC-6038EE000C2C}"
EndProject
Project("{2150E333-8FDC-42A3-9474-1A3956D46DE8}") = "Console", "Console", "{95309561-DBC9-4C2B-B647-5E2EB80BE712}"
EndProject
Project("{2150E333-8FDC-42A3-9474-1A3956D46DE8}") = "WinForms", "WinForms", "{5839812A-A60F-4398-81F8-984A0894F4B1}"
EndProject
Project("{9A19103F-16F7-4668-BE54-9A1E7A4F7556}") = "FirstWinFormsApp", "FirstWinFormsApp\FirstWinFormsApp.csproj", "{14E7EDE8-D791-4ACC-942C-5710C26AAF3D}"
EndProject
Project("{9A19103F-16F7-4668-BE54-9A1E7A4F7556}") = "SimpleCalculatorApp", "SimpleCalculatorApp\SimpleCalculatorApp.csproj", "{66CFB9DC-B671-4185-A672-8BDE603B6C66}"
EndProject
Project("{9A19103F-16F7-4668-BE54-9A1E7A4F7556}") = "TicTacToeWinFormApp", "TicTacToeWinFormApp\TicTacToeWinFormApp.csproj", "{15580D8E-9F60-4F3E-8508-221AF03238F5}"
EndProject
Project("{9A19103F-16F7-4668-BE54-9A1E7A4F7556}") = "TestApp", "TestApp\TestApp.csproj", "{67E764EA-7FD0-4629-94A8-A5627254A6CE}"
EndProject
Project("{9A19103F-16F7-4668-BE54-9A1E7A4F7556}") = "ClockWinFormsApp", "ClockWinFormsApp\ClockWinFormsApp.csproj", "{64C6ADBD-AA98-4168-8EF3-D7AA687166EF}"
EndProject
Project("{2150E333-8FDC-42A3-9474-1A3956D46DE8}") = "WPF", "WPF", "{D83D59A4-7E4E-4DD4-91B8-11E877F24661}"
EndProject
Project("{9A19103F-16F7-4668-BE54-9A1E7A4F7556}") = "FirstWpfApp", "FirstWpfApp\FirstWpfApp.csproj", "{909FF64D-8DD4-433A-BE4F-9D651A96F5D9}"
EndProject
Project("{2150E333-8FDC-42A3-9474-1A3956D46DE8}") = "01. Pierwsza aplikacja", "01. Pierwsza aplikacja", "{A692A24D-C7FC-43B8-A820-FCED345C1C40}"
EndProject
Project("{2150E333-8FDC-42A3-9474-1A3956D46DE8}") = "02. Kontenery", "02. Kontenery", "{3D98262A-ED7B-403A-A246-F567504901A0}"
EndProject
Project("{9A19103F-16F7-4668-BE54-9A1E7A4F7556}") = "KonteneryApp", "KonteneryApp\KonteneryApp.csproj", "{8450E2A0-EDAB-4470-ABDD-FB738C1D6BB4}"
EndProject
Project("{2150E333-8FDC-42A3-9474-1A3956D46DE8}") = "03. Bindowanie", "03. Bindowanie", "{E483E0F1-A85F-4EA6-BAF5-7E850A015728}"
EndProject
Project("{9A19103F-16F7-4668-BE54-9A1E7A4F7556}") = "BindowanieWpfApp", "BindowanieWpfApp\BindowanieWpfApp.csproj", "{C9C6F981-67EA-4248-8823-BCF411E23BB4}"
EndProject
Project("{9A19103F-16F7-4668-BE54-9A1E7A4F7556}") = "ComboboxWpfApp", "ComboboxWpfApp\ComboboxWpfApp.csproj", "{CB4EAE30-4D75-404B-878C-C7300CE2EBD9}"
EndProject
Project("{2150E333-8FDC-42A3-9474-1A3956D46DE8}") = "00. Zadania", "00. Zadania", "{6B903E74-B73C-440A-934E-A120DC5884E1}"
EndProject
Project("{9A19103F-16F7-4668-BE54-9A1E7A4F7556}") = "FirstTaskWpfApp", "FirstTaskWpfApp\FirstTaskWpfApp.csproj", "{2F72BCC9-F1B1-485C-87E4-9C6CAFE57226}"
EndProject
Project("{2150E333-8FDC-42A3-9474-1A3956D46DE8}") = "04. Konwertery", "04. Konwertery", "{F1C59B43-9550-497A-88A2-A9161CB93C05}"
EndProject
Project("{9A19103F-16F7-4668-BE54-9A1E7A4F7556}") = "ConvertersWpfApp", "ConvertersWpfApp\ConvertersWpfApp.csproj", "{B337D058-9AD8-497E-A832-25456EE53662}"
EndProject
Project("{2150E333-8FDC-42A3-9474-1A3956D46DE8}") = "05. Wzorzec Projektowy MVVM", "05. Wzorzec Projektowy MVVM", "{5C478E5A-86A4-4954-83F7-C783CA67AAFE}"
EndProject
Project("{9A19103F-16F7-4668-BE54-9A1E7A4F7556}") = "SimpleCalculatorMVVMWpfApp", "SimpleCalculatorMVVMWpfApp\SimpleCalculatorMVVMWpfApp.csproj", "{7C455B5E-CD1B-4DFF-9E37-D839DD0A8B39}"
EndProject
Project("{9A19103F-16F7-4668-BE54-9A1E7A4F7556}") = "UtilsWpf", "UtilsWpf\UtilsWpf.csproj", "{1C3C56B7-77E3-420A-953F-9CE250EE1A97}"
EndProject
Project("{9A19103F-16F7-4668-BE54-9A1E7A4F7556}") = "PersonalQuestionnaireWpfApp", "PersonalQuestionnaireWpfApp\PersonalQuestionnaireWpfApp.csproj", "{AF43556C-9934-4C24-91AF-61BE73F8ED69}"
EndProject
Project("{2150E333-8FDC-42A3-9474-1A3956D46DE8}") = "Xamarin", "Xamarin", "{29AF4746-4BB2-40A1-B6DD-DAE4CC04D80E}"
EndProject
Project("{2150E333-8FDC-42A3-9474-1A3956D46DE8}") = "01. FirstMobileApp", "01. FirstMobileApp", "{2E8480D5-B1C3-41EA-A0A3-F1E024AB4814}"
EndProject
Project("{FAE04EC0-301F-11D3-BF4B-00C04F79EFBC}") = "FirstApp.Android", "FirstApp\FirstApp.Android\FirstApp.Android.csproj", "{770D65AB-42E8-4DA2-B165-2D857690E7F2}"
EndProject
Project("{FAE04EC0-301F-11D3-BF4B-00C04F79EFBC}") = "FirstApp.iOS", "FirstApp\FirstApp.iOS\FirstApp.iOS.csproj", "{FB6013D7-3AC6-415B-8377-DC5258754138}"
EndProject
Project("{9A19103F-16F7-4668-BE54-9A1E7A4F7556}") = "FirstApp", "FirstApp\FirstApp\FirstApp.csproj", "{7207D49C-4043-46AB-AF8D-CA3320C3BD60}"
EndProject
Project("{2150E333-8FDC-42A3-9474-1A3956D46DE8}") = "02. Nawigacja", "02. Nawigacja", "{10342B9E-E348-4164-A990-50F881144A0E}"
EndProject
Project("{FAE04EC0-301F-11D3-BF4B-00C04F79EFBC}") = "NavigationApp.Android", "NavigationApp\NavigationApp.Android\NavigationApp.Android.csproj", "{36F58151-6D1D-4B15-B98D-016574ACF0B9}"
EndProject
Project("{9A19103F-16F7-4668-BE54-9A1E7A4F7556}") = "NavigationApp", "NavigationApp\NavigationApp\NavigationApp.csproj", "{B96069A4-65A4-432A-9BC9-BEC8699EB055}"
EndProject
Project("{2150E333-8FDC-42A3-9474-1A3956D46DE8}") = "03. Zakładki", "03. Zakładki", "{838A7498-064B-4488-8B9E-6B31245BEE04}"
EndProject
Project("{FAE04EC0-301F-11D3-BF4B-00C04F79EFBC}") = "TabbedApp.Android", "TabbedApp\TabbedApp.Android\TabbedApp.Android.csproj", "{81A3C6C2-D75A-449E-BECF-8AE0A2B19B45}"
EndProject
Project("{FAE04EC0-301F-11D3-BF4B-00C04F79EFBC}") = "TabbedApp.iOS", "TabbedApp\TabbedApp.iOS\TabbedApp.iOS.csproj", "{80625742-702D-4C8D-B331-7D2E5FFDC287}"
EndProject
Project("{9A19103F-16F7-4668-BE54-9A1E7A4F7556}") = "TabbedApp", "TabbedApp\TabbedApp\TabbedApp.csproj", "{1B2F80A5-8CEA-4C3A-8B44-458A18A40D89}"
EndProject
Project("{2150E333-8FDC-42A3-9474-1A3956D46DE8}") = "04.", "04.", "{7D3395B3-DC6C-4DDB-9524-F54F027F5FF3}"
EndProject
Project("{FAE04EC0-301F-11D3-BF4B-00C04F79EFBC}") = "EssentialsApp.Android", "EssentialsApp\EssentialsApp.Android\EssentialsApp.Android.csproj", "{EB81D197-7AD8-4CC4-B189-141D12F3CC8A}"
EndProject
Project("{FAE04EC0-301F-11D3-BF4B-00C04F79EFBC}") = "EssentialsApp.iOS", "EssentialsApp\EssentialsApp.iOS\EssentialsApp.iOS.csproj", "{E6A54772-56C0-40A3-A56C-094D013D1694}"
EndProject
Project("{FAE04EC0-301F-11D3-BF4B-00C04F79EFBC}") = "EssentialsApp", "EssentialsApp\EssentialsApp\EssentialsApp.csproj", "{558F2FC1-FBF3-48D2-889D-3F5C9E8D28D9}"
EndProject
Global
	GlobalSection(SolutionConfigurationPlatforms) = preSolution
		Debug|Any CPU = Debug|Any CPU
		Debug|iPhone = Debug|iPhone
		Debug|iPhoneSimulator = Debug|iPhoneSimulator
		Release|Any CPU = Release|Any CPU
		Release|iPhone = Release|iPhone
		Release|iPhoneSimulator = Release|iPhoneSimulator
	EndGlobalSection
	GlobalSection(ProjectConfigurationPlatforms) = postSolution
		{27D92294-2B71-45D7-BD18-3D738D59A583}.Debug|Any CPU.ActiveCfg = Debug|Any CPU
		{27D92294-2B71-45D7-BD18-3D738D59A583}.Debug|Any CPU.Build.0 = Debug|Any CPU
		{27D92294-2B71-45D7-BD18-3D738D59A583}.Debug|iPhone.ActiveCfg = Debug|Any CPU
		{27D92294-2B71-45D7-BD18-3D738D59A583}.Debug|iPhone.Build.0 = Debug|Any CPU
		{27D92294-2B71-45D7-BD18-3D738D59A583}.Debug|iPhoneSimulator.ActiveCfg = Debug|Any CPU
		{27D92294-2B71-45D7-BD18-3D738D59A583}.Debug|iPhoneSimulator.Build.0 = Debug|Any CPU
		{27D92294-2B71-45D7-BD18-3D738D59A583}.Release|Any CPU.ActiveCfg = Release|Any CPU
		{27D92294-2B71-45D7-BD18-3D738D59A583}.Release|Any CPU.Build.0 = Release|Any CPU
		{27D92294-2B71-45D7-BD18-3D738D59A583}.Release|iPhone.ActiveCfg = Release|Any CPU
		{27D92294-2B71-45D7-BD18-3D738D59A583}.Release|iPhone.Build.0 = Release|Any CPU
		{27D92294-2B71-45D7-BD18-3D738D59A583}.Release|iPhoneSimulator.ActiveCfg = Release|Any CPU
		{27D92294-2B71-45D7-BD18-3D738D59A583}.Release|iPhoneSimulator.Build.0 = Release|Any CPU
		{9A9728E6-979E-4EB7-9AEF-787DD63709CD}.Debug|Any CPU.ActiveCfg = Debug|Any CPU
		{9A9728E6-979E-4EB7-9AEF-787DD63709CD}.Debug|Any CPU.Build.0 = Debug|Any CPU
		{9A9728E6-979E-4EB7-9AEF-787DD63709CD}.Debug|iPhone.ActiveCfg = Debug|Any CPU
		{9A9728E6-979E-4EB7-9AEF-787DD63709CD}.Debug|iPhone.Build.0 = Debug|Any CPU
		{9A9728E6-979E-4EB7-9AEF-787DD63709CD}.Debug|iPhoneSimulator.ActiveCfg = Debug|Any CPU
		{9A9728E6-979E-4EB7-9AEF-787DD63709CD}.Debug|iPhoneSimulator.Build.0 = Debug|Any CPU
		{9A9728E6-979E-4EB7-9AEF-787DD63709CD}.Release|Any CPU.ActiveCfg = Release|Any CPU
		{9A9728E6-979E-4EB7-9AEF-787DD63709CD}.Release|Any CPU.Build.0 = Release|Any CPU
		{9A9728E6-979E-4EB7-9AEF-787DD63709CD}.Release|iPhone.ActiveCfg = Release|Any CPU
		{9A9728E6-979E-4EB7-9AEF-787DD63709CD}.Release|iPhone.Build.0 = Release|Any CPU
		{9A9728E6-979E-4EB7-9AEF-787DD63709CD}.Release|iPhoneSimulator.ActiveCfg = Release|Any CPU
		{9A9728E6-979E-4EB7-9AEF-787DD63709CD}.Release|iPhoneSimulator.Build.0 = Release|Any CPU
		{CC9FCF0F-95E2-4FD5-9F13-9B621747BE26}.Debug|Any CPU.ActiveCfg = Debug|Any CPU
		{CC9FCF0F-95E2-4FD5-9F13-9B621747BE26}.Debug|Any CPU.Build.0 = Debug|Any CPU
		{CC9FCF0F-95E2-4FD5-9F13-9B621747BE26}.Debug|iPhone.ActiveCfg = Debug|Any CPU
		{CC9FCF0F-95E2-4FD5-9F13-9B621747BE26}.Debug|iPhone.Build.0 = Debug|Any CPU
		{CC9FCF0F-95E2-4FD5-9F13-9B621747BE26}.Debug|iPhoneSimulator.ActiveCfg = Debug|Any CPU
		{CC9FCF0F-95E2-4FD5-9F13-9B621747BE26}.Debug|iPhoneSimulator.Build.0 = Debug|Any CPU
		{CC9FCF0F-95E2-4FD5-9F13-9B621747BE26}.Release|Any CPU.ActiveCfg = Release|Any CPU
		{CC9FCF0F-95E2-4FD5-9F13-9B621747BE26}.Release|Any CPU.Build.0 = Release|Any CPU
		{CC9FCF0F-95E2-4FD5-9F13-9B621747BE26}.Release|iPhone.ActiveCfg = Release|Any CPU
		{CC9FCF0F-95E2-4FD5-9F13-9B621747BE26}.Release|iPhone.Build.0 = Release|Any CPU
		{CC9FCF0F-95E2-4FD5-9F13-9B621747BE26}.Release|iPhoneSimulator.ActiveCfg = Release|Any CPU
		{CC9FCF0F-95E2-4FD5-9F13-9B621747BE26}.Release|iPhoneSimulator.Build.0 = Release|Any CPU
		{D7257889-E2F9-4369-BE11-A85A58F47986}.Debug|Any CPU.ActiveCfg = Debug|Any CPU
		{D7257889-E2F9-4369-BE11-A85A58F47986}.Debug|Any CPU.Build.0 = Debug|Any CPU
		{D7257889-E2F9-4369-BE11-A85A58F47986}.Debug|iPhone.ActiveCfg = Debug|Any CPU
		{D7257889-E2F9-4369-BE11-A85A58F47986}.Debug|iPhone.Build.0 = Debug|Any CPU
		{D7257889-E2F9-4369-BE11-A85A58F47986}.Debug|iPhoneSimulator.ActiveCfg = Debug|Any CPU
		{D7257889-E2F9-4369-BE11-A85A58F47986}.Debug|iPhoneSimulator.Build.0 = Debug|Any CPU
		{D7257889-E2F9-4369-BE11-A85A58F47986}.Release|Any CPU.ActiveCfg = Release|Any CPU
		{D7257889-E2F9-4369-BE11-A85A58F47986}.Release|Any CPU.Build.0 = Release|Any CPU
		{D7257889-E2F9-4369-BE11-A85A58F47986}.Release|iPhone.ActiveCfg = Release|Any CPU
		{D7257889-E2F9-4369-BE11-A85A58F47986}.Release|iPhone.Build.0 = Release|Any CPU
		{D7257889-E2F9-4369-BE11-A85A58F47986}.Release|iPhoneSimulator.ActiveCfg = Release|Any CPU
		{D7257889-E2F9-4369-BE11-A85A58F47986}.Release|iPhoneSimulator.Build.0 = Release|Any CPU
		{017F0E28-C24B-4375-8AE3-EA54F386EDA9}.Debug|Any CPU.ActiveCfg = Debug|Any CPU
		{017F0E28-C24B-4375-8AE3-EA54F386EDA9}.Debug|Any CPU.Build.0 = Debug|Any CPU
		{017F0E28-C24B-4375-8AE3-EA54F386EDA9}.Debug|iPhone.ActiveCfg = Debug|Any CPU
		{017F0E28-C24B-4375-8AE3-EA54F386EDA9}.Debug|iPhone.Build.0 = Debug|Any CPU
		{017F0E28-C24B-4375-8AE3-EA54F386EDA9}.Debug|iPhoneSimulator.ActiveCfg = Debug|Any CPU
		{017F0E28-C24B-4375-8AE3-EA54F386EDA9}.Debug|iPhoneSimulator.Build.0 = Debug|Any CPU
		{017F0E28-C24B-4375-8AE3-EA54F386EDA9}.Release|Any CPU.ActiveCfg = Release|Any CPU
		{017F0E28-C24B-4375-8AE3-EA54F386EDA9}.Release|Any CPU.Build.0 = Release|Any CPU
		{017F0E28-C24B-4375-8AE3-EA54F386EDA9}.Release|iPhone.ActiveCfg = Release|Any CPU
		{017F0E28-C24B-4375-8AE3-EA54F386EDA9}.Release|iPhone.Build.0 = Release|Any CPU
		{017F0E28-C24B-4375-8AE3-EA54F386EDA9}.Release|iPhoneSimulator.ActiveCfg = Release|Any CPU
		{017F0E28-C24B-4375-8AE3-EA54F386EDA9}.Release|iPhoneSimulator.Build.0 = Release|Any CPU
		{14CF34E2-3C9E-4791-8B42-9FDACEC8C6A2}.Debug|Any CPU.ActiveCfg = Debug|Any CPU
		{14CF34E2-3C9E-4791-8B42-9FDACEC8C6A2}.Debug|Any CPU.Build.0 = Debug|Any CPU
		{14CF34E2-3C9E-4791-8B42-9FDACEC8C6A2}.Debug|iPhone.ActiveCfg = Debug|Any CPU
		{14CF34E2-3C9E-4791-8B42-9FDACEC8C6A2}.Debug|iPhone.Build.0 = Debug|Any CPU
		{14CF34E2-3C9E-4791-8B42-9FDACEC8C6A2}.Debug|iPhoneSimulator.ActiveCfg = Debug|Any CPU
		{14CF34E2-3C9E-4791-8B42-9FDACEC8C6A2}.Debug|iPhoneSimulator.Build.0 = Debug|Any CPU
		{14CF34E2-3C9E-4791-8B42-9FDACEC8C6A2}.Release|Any CPU.ActiveCfg = Release|Any CPU
		{14CF34E2-3C9E-4791-8B42-9FDACEC8C6A2}.Release|Any CPU.Build.0 = Release|Any CPU
		{14CF34E2-3C9E-4791-8B42-9FDACEC8C6A2}.Release|iPhone.ActiveCfg = Release|Any CPU
		{14CF34E2-3C9E-4791-8B42-9FDACEC8C6A2}.Release|iPhone.Build.0 = Release|Any CPU
		{14CF34E2-3C9E-4791-8B42-9FDACEC8C6A2}.Release|iPhoneSimulator.ActiveCfg = Release|Any CPU
		{14CF34E2-3C9E-4791-8B42-9FDACEC8C6A2}.Release|iPhoneSimulator.Build.0 = Release|Any CPU
		{135C900B-2E90-446C-A071-C0501BCC32EE}.Debug|Any CPU.ActiveCfg = Debug|Any CPU
		{135C900B-2E90-446C-A071-C0501BCC32EE}.Debug|Any CPU.Build.0 = Debug|Any CPU
		{135C900B-2E90-446C-A071-C0501BCC32EE}.Debug|iPhone.ActiveCfg = Debug|Any CPU
		{135C900B-2E90-446C-A071-C0501BCC32EE}.Debug|iPhone.Build.0 = Debug|Any CPU
		{135C900B-2E90-446C-A071-C0501BCC32EE}.Debug|iPhoneSimulator.ActiveCfg = Debug|Any CPU
		{135C900B-2E90-446C-A071-C0501BCC32EE}.Debug|iPhoneSimulator.Build.0 = Debug|Any CPU
		{135C900B-2E90-446C-A071-C0501BCC32EE}.Release|Any CPU.ActiveCfg = Release|Any CPU
		{135C900B-2E90-446C-A071-C0501BCC32EE}.Release|Any CPU.Build.0 = Release|Any CPU
		{135C900B-2E90-446C-A071-C0501BCC32EE}.Release|iPhone.ActiveCfg = Release|Any CPU
		{135C900B-2E90-446C-A071-C0501BCC32EE}.Release|iPhone.Build.0 = Release|Any CPU
		{135C900B-2E90-446C-A071-C0501BCC32EE}.Release|iPhoneSimulator.ActiveCfg = Release|Any CPU
		{135C900B-2E90-446C-A071-C0501BCC32EE}.Release|iPhoneSimulator.Build.0 = Release|Any CPU
		{A72B4EBC-8C68-43B3-A0AE-ECE35894AC6A}.Debug|Any CPU.ActiveCfg = Debug|Any CPU
		{A72B4EBC-8C68-43B3-A0AE-ECE35894AC6A}.Debug|Any CPU.Build.0 = Debug|Any CPU
		{A72B4EBC-8C68-43B3-A0AE-ECE35894AC6A}.Debug|iPhone.ActiveCfg = Debug|Any CPU
		{A72B4EBC-8C68-43B3-A0AE-ECE35894AC6A}.Debug|iPhone.Build.0 = Debug|Any CPU
		{A72B4EBC-8C68-43B3-A0AE-ECE35894AC6A}.Debug|iPhoneSimulator.ActiveCfg = Debug|Any CPU
		{A72B4EBC-8C68-43B3-A0AE-ECE35894AC6A}.Debug|iPhoneSimulator.Build.0 = Debug|Any CPU
		{A72B4EBC-8C68-43B3-A0AE-ECE35894AC6A}.Release|Any CPU.ActiveCfg = Release|Any CPU
		{A72B4EBC-8C68-43B3-A0AE-ECE35894AC6A}.Release|Any CPU.Build.0 = Release|Any CPU
		{A72B4EBC-8C68-43B3-A0AE-ECE35894AC6A}.Release|iPhone.ActiveCfg = Release|Any CPU
		{A72B4EBC-8C68-43B3-A0AE-ECE35894AC6A}.Release|iPhone.Build.0 = Release|Any CPU
		{A72B4EBC-8C68-43B3-A0AE-ECE35894AC6A}.Release|iPhoneSimulator.ActiveCfg = Release|Any CPU
		{A72B4EBC-8C68-43B3-A0AE-ECE35894AC6A}.Release|iPhoneSimulator.Build.0 = Release|Any CPU
		{3D27A825-7D6C-4895-98DC-6038EE000C2C}.Debug|Any CPU.ActiveCfg = Debug|Any CPU
		{3D27A825-7D6C-4895-98DC-6038EE000C2C}.Debug|Any CPU.Build.0 = Debug|Any CPU
		{3D27A825-7D6C-4895-98DC-6038EE000C2C}.Debug|iPhone.ActiveCfg = Debug|Any CPU
		{3D27A825-7D6C-4895-98DC-6038EE000C2C}.Debug|iPhone.Build.0 = Debug|Any CPU
		{3D27A825-7D6C-4895-98DC-6038EE000C2C}.Debug|iPhoneSimulator.ActiveCfg = Debug|Any CPU
		{3D27A825-7D6C-4895-98DC-6038EE000C2C}.Debug|iPhoneSimulator.Build.0 = Debug|Any CPU
		{3D27A825-7D6C-4895-98DC-6038EE000C2C}.Release|Any CPU.ActiveCfg = Release|Any CPU
		{3D27A825-7D6C-4895-98DC-6038EE000C2C}.Release|Any CPU.Build.0 = Release|Any CPU
		{3D27A825-7D6C-4895-98DC-6038EE000C2C}.Release|iPhone.ActiveCfg = Release|Any CPU
		{3D27A825-7D6C-4895-98DC-6038EE000C2C}.Release|iPhone.Build.0 = Release|Any CPU
		{3D27A825-7D6C-4895-98DC-6038EE000C2C}.Release|iPhoneSimulator.ActiveCfg = Release|Any CPU
		{3D27A825-7D6C-4895-98DC-6038EE000C2C}.Release|iPhoneSimulator.Build.0 = Release|Any CPU
		{14E7EDE8-D791-4ACC-942C-5710C26AAF3D}.Debug|Any CPU.ActiveCfg = Debug|Any CPU
		{14E7EDE8-D791-4ACC-942C-5710C26AAF3D}.Debug|Any CPU.Build.0 = Debug|Any CPU
		{14E7EDE8-D791-4ACC-942C-5710C26AAF3D}.Debug|iPhone.ActiveCfg = Debug|Any CPU
		{14E7EDE8-D791-4ACC-942C-5710C26AAF3D}.Debug|iPhone.Build.0 = Debug|Any CPU
		{14E7EDE8-D791-4ACC-942C-5710C26AAF3D}.Debug|iPhoneSimulator.ActiveCfg = Debug|Any CPU
		{14E7EDE8-D791-4ACC-942C-5710C26AAF3D}.Debug|iPhoneSimulator.Build.0 = Debug|Any CPU
		{14E7EDE8-D791-4ACC-942C-5710C26AAF3D}.Release|Any CPU.ActiveCfg = Release|Any CPU
		{14E7EDE8-D791-4ACC-942C-5710C26AAF3D}.Release|Any CPU.Build.0 = Release|Any CPU
		{14E7EDE8-D791-4ACC-942C-5710C26AAF3D}.Release|iPhone.ActiveCfg = Release|Any CPU
		{14E7EDE8-D791-4ACC-942C-5710C26AAF3D}.Release|iPhone.Build.0 = Release|Any CPU
		{14E7EDE8-D791-4ACC-942C-5710C26AAF3D}.Release|iPhoneSimulator.ActiveCfg = Release|Any CPU
		{14E7EDE8-D791-4ACC-942C-5710C26AAF3D}.Release|iPhoneSimulator.Build.0 = Release|Any CPU
		{66CFB9DC-B671-4185-A672-8BDE603B6C66}.Debug|Any CPU.ActiveCfg = Debug|Any CPU
		{66CFB9DC-B671-4185-A672-8BDE603B6C66}.Debug|Any CPU.Build.0 = Debug|Any CPU
		{66CFB9DC-B671-4185-A672-8BDE603B6C66}.Debug|iPhone.ActiveCfg = Debug|Any CPU
		{66CFB9DC-B671-4185-A672-8BDE603B6C66}.Debug|iPhone.Build.0 = Debug|Any CPU
		{66CFB9DC-B671-4185-A672-8BDE603B6C66}.Debug|iPhoneSimulator.ActiveCfg = Debug|Any CPU
		{66CFB9DC-B671-4185-A672-8BDE603B6C66}.Debug|iPhoneSimulator.Build.0 = Debug|Any CPU
		{66CFB9DC-B671-4185-A672-8BDE603B6C66}.Release|Any CPU.ActiveCfg = Release|Any CPU
		{66CFB9DC-B671-4185-A672-8BDE603B6C66}.Release|Any CPU.Build.0 = Release|Any CPU
		{66CFB9DC-B671-4185-A672-8BDE603B6C66}.Release|iPhone.ActiveCfg = Release|Any CPU
		{66CFB9DC-B671-4185-A672-8BDE603B6C66}.Release|iPhone.Build.0 = Release|Any CPU
		{66CFB9DC-B671-4185-A672-8BDE603B6C66}.Release|iPhoneSimulator.ActiveCfg = Release|Any CPU
		{66CFB9DC-B671-4185-A672-8BDE603B6C66}.Release|iPhoneSimulator.Build.0 = Release|Any CPU
		{15580D8E-9F60-4F3E-8508-221AF03238F5}.Debug|Any CPU.ActiveCfg = Debug|Any CPU
		{15580D8E-9F60-4F3E-8508-221AF03238F5}.Debug|Any CPU.Build.0 = Debug|Any CPU
		{15580D8E-9F60-4F3E-8508-221AF03238F5}.Debug|iPhone.ActiveCfg = Debug|Any CPU
		{15580D8E-9F60-4F3E-8508-221AF03238F5}.Debug|iPhone.Build.0 = Debug|Any CPU
		{15580D8E-9F60-4F3E-8508-221AF03238F5}.Debug|iPhoneSimulator.ActiveCfg = Debug|Any CPU
		{15580D8E-9F60-4F3E-8508-221AF03238F5}.Debug|iPhoneSimulator.Build.0 = Debug|Any CPU
		{15580D8E-9F60-4F3E-8508-221AF03238F5}.Release|Any CPU.ActiveCfg = Release|Any CPU
		{15580D8E-9F60-4F3E-8508-221AF03238F5}.Release|Any CPU.Build.0 = Release|Any CPU
		{15580D8E-9F60-4F3E-8508-221AF03238F5}.Release|iPhone.ActiveCfg = Release|Any CPU
		{15580D8E-9F60-4F3E-8508-221AF03238F5}.Release|iPhone.Build.0 = Release|Any CPU
		{15580D8E-9F60-4F3E-8508-221AF03238F5}.Release|iPhoneSimulator.ActiveCfg = Release|Any CPU
		{15580D8E-9F60-4F3E-8508-221AF03238F5}.Release|iPhoneSimulator.Build.0 = Release|Any CPU
		{67E764EA-7FD0-4629-94A8-A5627254A6CE}.Debug|Any CPU.ActiveCfg = Debug|Any CPU
		{67E764EA-7FD0-4629-94A8-A5627254A6CE}.Debug|Any CPU.Build.0 = Debug|Any CPU
		{67E764EA-7FD0-4629-94A8-A5627254A6CE}.Debug|iPhone.ActiveCfg = Debug|Any CPU
		{67E764EA-7FD0-4629-94A8-A5627254A6CE}.Debug|iPhone.Build.0 = Debug|Any CPU
		{67E764EA-7FD0-4629-94A8-A5627254A6CE}.Debug|iPhoneSimulator.ActiveCfg = Debug|Any CPU
		{67E764EA-7FD0-4629-94A8-A5627254A6CE}.Debug|iPhoneSimulator.Build.0 = Debug|Any CPU
		{67E764EA-7FD0-4629-94A8-A5627254A6CE}.Release|Any CPU.ActiveCfg = Release|Any CPU
		{67E764EA-7FD0-4629-94A8-A5627254A6CE}.Release|Any CPU.Build.0 = Release|Any CPU
		{67E764EA-7FD0-4629-94A8-A5627254A6CE}.Release|iPhone.ActiveCfg = Release|Any CPU
		{67E764EA-7FD0-4629-94A8-A5627254A6CE}.Release|iPhone.Build.0 = Release|Any CPU
		{67E764EA-7FD0-4629-94A8-A5627254A6CE}.Release|iPhoneSimulator.ActiveCfg = Release|Any CPU
		{67E764EA-7FD0-4629-94A8-A5627254A6CE}.Release|iPhoneSimulator.Build.0 = Release|Any CPU
		{64C6ADBD-AA98-4168-8EF3-D7AA687166EF}.Debug|Any CPU.ActiveCfg = Debug|Any CPU
		{64C6ADBD-AA98-4168-8EF3-D7AA687166EF}.Debug|Any CPU.Build.0 = Debug|Any CPU
		{64C6ADBD-AA98-4168-8EF3-D7AA687166EF}.Debug|iPhone.ActiveCfg = Debug|Any CPU
		{64C6ADBD-AA98-4168-8EF3-D7AA687166EF}.Debug|iPhone.Build.0 = Debug|Any CPU
		{64C6ADBD-AA98-4168-8EF3-D7AA687166EF}.Debug|iPhoneSimulator.ActiveCfg = Debug|Any CPU
		{64C6ADBD-AA98-4168-8EF3-D7AA687166EF}.Debug|iPhoneSimulator.Build.0 = Debug|Any CPU
		{64C6ADBD-AA98-4168-8EF3-D7AA687166EF}.Release|Any CPU.ActiveCfg = Release|Any CPU
		{64C6ADBD-AA98-4168-8EF3-D7AA687166EF}.Release|Any CPU.Build.0 = Release|Any CPU
		{64C6ADBD-AA98-4168-8EF3-D7AA687166EF}.Release|iPhone.ActiveCfg = Release|Any CPU
		{64C6ADBD-AA98-4168-8EF3-D7AA687166EF}.Release|iPhone.Build.0 = Release|Any CPU
		{64C6ADBD-AA98-4168-8EF3-D7AA687166EF}.Release|iPhoneSimulator.ActiveCfg = Release|Any CPU
		{64C6ADBD-AA98-4168-8EF3-D7AA687166EF}.Release|iPhoneSimulator.Build.0 = Release|Any CPU
		{909FF64D-8DD4-433A-BE4F-9D651A96F5D9}.Debug|Any CPU.ActiveCfg = Debug|Any CPU
		{909FF64D-8DD4-433A-BE4F-9D651A96F5D9}.Debug|Any CPU.Build.0 = Debug|Any CPU
		{909FF64D-8DD4-433A-BE4F-9D651A96F5D9}.Debug|iPhone.ActiveCfg = Debug|Any CPU
		{909FF64D-8DD4-433A-BE4F-9D651A96F5D9}.Debug|iPhone.Build.0 = Debug|Any CPU
		{909FF64D-8DD4-433A-BE4F-9D651A96F5D9}.Debug|iPhoneSimulator.ActiveCfg = Debug|Any CPU
		{909FF64D-8DD4-433A-BE4F-9D651A96F5D9}.Debug|iPhoneSimulator.Build.0 = Debug|Any CPU
		{909FF64D-8DD4-433A-BE4F-9D651A96F5D9}.Release|Any CPU.ActiveCfg = Release|Any CPU
		{909FF64D-8DD4-433A-BE4F-9D651A96F5D9}.Release|Any CPU.Build.0 = Release|Any CPU
		{909FF64D-8DD4-433A-BE4F-9D651A96F5D9}.Release|iPhone.ActiveCfg = Release|Any CPU
		{909FF64D-8DD4-433A-BE4F-9D651A96F5D9}.Release|iPhone.Build.0 = Release|Any CPU
		{909FF64D-8DD4-433A-BE4F-9D651A96F5D9}.Release|iPhoneSimulator.ActiveCfg = Release|Any CPU
		{909FF64D-8DD4-433A-BE4F-9D651A96F5D9}.Release|iPhoneSimulator.Build.0 = Release|Any CPU
		{8450E2A0-EDAB-4470-ABDD-FB738C1D6BB4}.Debug|Any CPU.ActiveCfg = Debug|Any CPU
		{8450E2A0-EDAB-4470-ABDD-FB738C1D6BB4}.Debug|Any CPU.Build.0 = Debug|Any CPU
		{8450E2A0-EDAB-4470-ABDD-FB738C1D6BB4}.Debug|iPhone.ActiveCfg = Debug|Any CPU
		{8450E2A0-EDAB-4470-ABDD-FB738C1D6BB4}.Debug|iPhone.Build.0 = Debug|Any CPU
		{8450E2A0-EDAB-4470-ABDD-FB738C1D6BB4}.Debug|iPhoneSimulator.ActiveCfg = Debug|Any CPU
		{8450E2A0-EDAB-4470-ABDD-FB738C1D6BB4}.Debug|iPhoneSimulator.Build.0 = Debug|Any CPU
		{8450E2A0-EDAB-4470-ABDD-FB738C1D6BB4}.Release|Any CPU.ActiveCfg = Release|Any CPU
		{8450E2A0-EDAB-4470-ABDD-FB738C1D6BB4}.Release|Any CPU.Build.0 = Release|Any CPU
		{8450E2A0-EDAB-4470-ABDD-FB738C1D6BB4}.Release|iPhone.ActiveCfg = Release|Any CPU
		{8450E2A0-EDAB-4470-ABDD-FB738C1D6BB4}.Release|iPhone.Build.0 = Release|Any CPU
		{8450E2A0-EDAB-4470-ABDD-FB738C1D6BB4}.Release|iPhoneSimulator.ActiveCfg = Release|Any CPU
		{8450E2A0-EDAB-4470-ABDD-FB738C1D6BB4}.Release|iPhoneSimulator.Build.0 = Release|Any CPU
		{C9C6F981-67EA-4248-8823-BCF411E23BB4}.Debug|Any CPU.ActiveCfg = Debug|Any CPU
		{C9C6F981-67EA-4248-8823-BCF411E23BB4}.Debug|Any CPU.Build.0 = Debug|Any CPU
		{C9C6F981-67EA-4248-8823-BCF411E23BB4}.Debug|iPhone.ActiveCfg = Debug|Any CPU
		{C9C6F981-67EA-4248-8823-BCF411E23BB4}.Debug|iPhone.Build.0 = Debug|Any CPU
		{C9C6F981-67EA-4248-8823-BCF411E23BB4}.Debug|iPhoneSimulator.ActiveCfg = Debug|Any CPU
		{C9C6F981-67EA-4248-8823-BCF411E23BB4}.Debug|iPhoneSimulator.Build.0 = Debug|Any CPU
		{C9C6F981-67EA-4248-8823-BCF411E23BB4}.Release|Any CPU.ActiveCfg = Release|Any CPU
		{C9C6F981-67EA-4248-8823-BCF411E23BB4}.Release|Any CPU.Build.0 = Release|Any CPU
		{C9C6F981-67EA-4248-8823-BCF411E23BB4}.Release|iPhone.ActiveCfg = Release|Any CPU
		{C9C6F981-67EA-4248-8823-BCF411E23BB4}.Release|iPhone.Build.0 = Release|Any CPU
		{C9C6F981-67EA-4248-8823-BCF411E23BB4}.Release|iPhoneSimulator.ActiveCfg = Release|Any CPU
		{C9C6F981-67EA-4248-8823-BCF411E23BB4}.Release|iPhoneSimulator.Build.0 = Release|Any CPU
		{CB4EAE30-4D75-404B-878C-C7300CE2EBD9}.Debug|Any CPU.ActiveCfg = Debug|Any CPU
		{CB4EAE30-4D75-404B-878C-C7300CE2EBD9}.Debug|Any CPU.Build.0 = Debug|Any CPU
		{CB4EAE30-4D75-404B-878C-C7300CE2EBD9}.Debug|iPhone.ActiveCfg = Debug|Any CPU
		{CB4EAE30-4D75-404B-878C-C7300CE2EBD9}.Debug|iPhone.Build.0 = Debug|Any CPU
		{CB4EAE30-4D75-404B-878C-C7300CE2EBD9}.Debug|iPhoneSimulator.ActiveCfg = Debug|Any CPU
		{CB4EAE30-4D75-404B-878C-C7300CE2EBD9}.Debug|iPhoneSimulator.Build.0 = Debug|Any CPU
		{CB4EAE30-4D75-404B-878C-C7300CE2EBD9}.Release|Any CPU.ActiveCfg = Release|Any CPU
		{CB4EAE30-4D75-404B-878C-C7300CE2EBD9}.Release|Any CPU.Build.0 = Release|Any CPU
		{CB4EAE30-4D75-404B-878C-C7300CE2EBD9}.Release|iPhone.ActiveCfg = Release|Any CPU
		{CB4EAE30-4D75-404B-878C-C7300CE2EBD9}.Release|iPhone.Build.0 = Release|Any CPU
		{CB4EAE30-4D75-404B-878C-C7300CE2EBD9}.Release|iPhoneSimulator.ActiveCfg = Release|Any CPU
		{CB4EAE30-4D75-404B-878C-C7300CE2EBD9}.Release|iPhoneSimulator.Build.0 = Release|Any CPU
		{2F72BCC9-F1B1-485C-87E4-9C6CAFE57226}.Debug|Any CPU.ActiveCfg = Debug|Any CPU
		{2F72BCC9-F1B1-485C-87E4-9C6CAFE57226}.Debug|Any CPU.Build.0 = Debug|Any CPU
		{2F72BCC9-F1B1-485C-87E4-9C6CAFE57226}.Debug|iPhone.ActiveCfg = Debug|Any CPU
		{2F72BCC9-F1B1-485C-87E4-9C6CAFE57226}.Debug|iPhone.Build.0 = Debug|Any CPU
		{2F72BCC9-F1B1-485C-87E4-9C6CAFE57226}.Debug|iPhoneSimulator.ActiveCfg = Debug|Any CPU
		{2F72BCC9-F1B1-485C-87E4-9C6CAFE57226}.Debug|iPhoneSimulator.Build.0 = Debug|Any CPU
		{2F72BCC9-F1B1-485C-87E4-9C6CAFE57226}.Release|Any CPU.ActiveCfg = Release|Any CPU
		{2F72BCC9-F1B1-485C-87E4-9C6CAFE57226}.Release|Any CPU.Build.0 = Release|Any CPU
		{2F72BCC9-F1B1-485C-87E4-9C6CAFE57226}.Release|iPhone.ActiveCfg = Release|Any CPU
		{2F72BCC9-F1B1-485C-87E4-9C6CAFE57226}.Release|iPhone.Build.0 = Release|Any CPU
		{2F72BCC9-F1B1-485C-87E4-9C6CAFE57226}.Release|iPhoneSimulator.ActiveCfg = Release|Any CPU
		{2F72BCC9-F1B1-485C-87E4-9C6CAFE57226}.Release|iPhoneSimulator.Build.0 = Release|Any CPU
		{B337D058-9AD8-497E-A832-25456EE53662}.Debug|Any CPU.ActiveCfg = Debug|Any CPU
		{B337D058-9AD8-497E-A832-25456EE53662}.Debug|Any CPU.Build.0 = Debug|Any CPU
		{B337D058-9AD8-497E-A832-25456EE53662}.Debug|iPhone.ActiveCfg = Debug|Any CPU
		{B337D058-9AD8-497E-A832-25456EE53662}.Debug|iPhone.Build.0 = Debug|Any CPU
		{B337D058-9AD8-497E-A832-25456EE53662}.Debug|iPhoneSimulator.ActiveCfg = Debug|Any CPU
		{B337D058-9AD8-497E-A832-25456EE53662}.Debug|iPhoneSimulator.Build.0 = Debug|Any CPU
		{B337D058-9AD8-497E-A832-25456EE53662}.Release|Any CPU.ActiveCfg = Release|Any CPU
		{B337D058-9AD8-497E-A832-25456EE53662}.Release|Any CPU.Build.0 = Release|Any CPU
		{B337D058-9AD8-497E-A832-25456EE53662}.Release|iPhone.ActiveCfg = Release|Any CPU
		{B337D058-9AD8-497E-A832-25456EE53662}.Release|iPhone.Build.0 = Release|Any CPU
		{B337D058-9AD8-497E-A832-25456EE53662}.Release|iPhoneSimulator.ActiveCfg = Release|Any CPU
		{B337D058-9AD8-497E-A832-25456EE53662}.Release|iPhoneSimulator.Build.0 = Release|Any CPU
		{7C455B5E-CD1B-4DFF-9E37-D839DD0A8B39}.Debug|Any CPU.ActiveCfg = Debug|Any CPU
		{7C455B5E-CD1B-4DFF-9E37-D839DD0A8B39}.Debug|Any CPU.Build.0 = Debug|Any CPU
		{7C455B5E-CD1B-4DFF-9E37-D839DD0A8B39}.Debug|iPhone.ActiveCfg = Debug|Any CPU
		{7C455B5E-CD1B-4DFF-9E37-D839DD0A8B39}.Debug|iPhone.Build.0 = Debug|Any CPU
		{7C455B5E-CD1B-4DFF-9E37-D839DD0A8B39}.Debug|iPhoneSimulator.ActiveCfg = Debug|Any CPU
		{7C455B5E-CD1B-4DFF-9E37-D839DD0A8B39}.Debug|iPhoneSimulator.Build.0 = Debug|Any CPU
		{7C455B5E-CD1B-4DFF-9E37-D839DD0A8B39}.Release|Any CPU.ActiveCfg = Release|Any CPU
		{7C455B5E-CD1B-4DFF-9E37-D839DD0A8B39}.Release|Any CPU.Build.0 = Release|Any CPU
		{7C455B5E-CD1B-4DFF-9E37-D839DD0A8B39}.Release|iPhone.ActiveCfg = Release|Any CPU
		{7C455B5E-CD1B-4DFF-9E37-D839DD0A8B39}.Release|iPhone.Build.0 = Release|Any CPU
		{7C455B5E-CD1B-4DFF-9E37-D839DD0A8B39}.Release|iPhoneSimulator.ActiveCfg = Release|Any CPU
		{7C455B5E-CD1B-4DFF-9E37-D839DD0A8B39}.Release|iPhoneSimulator.Build.0 = Release|Any CPU
		{1C3C56B7-77E3-420A-953F-9CE250EE1A97}.Debug|Any CPU.ActiveCfg = Debug|Any CPU
		{1C3C56B7-77E3-420A-953F-9CE250EE1A97}.Debug|Any CPU.Build.0 = Debug|Any CPU
		{1C3C56B7-77E3-420A-953F-9CE250EE1A97}.Debug|iPhone.ActiveCfg = Debug|Any CPU
		{1C3C56B7-77E3-420A-953F-9CE250EE1A97}.Debug|iPhone.Build.0 = Debug|Any CPU
		{1C3C56B7-77E3-420A-953F-9CE250EE1A97}.Debug|iPhoneSimulator.ActiveCfg = Debug|Any CPU
		{1C3C56B7-77E3-420A-953F-9CE250EE1A97}.Debug|iPhoneSimulator.Build.0 = Debug|Any CPU
		{1C3C56B7-77E3-420A-953F-9CE250EE1A97}.Release|Any CPU.ActiveCfg = Release|Any CPU
		{1C3C56B7-77E3-420A-953F-9CE250EE1A97}.Release|Any CPU.Build.0 = Release|Any CPU
		{1C3C56B7-77E3-420A-953F-9CE250EE1A97}.Release|iPhone.ActiveCfg = Release|Any CPU
		{1C3C56B7-77E3-420A-953F-9CE250EE1A97}.Release|iPhone.Build.0 = Release|Any CPU
		{1C3C56B7-77E3-420A-953F-9CE250EE1A97}.Release|iPhoneSimulator.ActiveCfg = Release|Any CPU
		{1C3C56B7-77E3-420A-953F-9CE250EE1A97}.Release|iPhoneSimulator.Build.0 = Release|Any CPU
		{AF43556C-9934-4C24-91AF-61BE73F8ED69}.Debug|Any CPU.ActiveCfg = Debug|Any CPU
		{AF43556C-9934-4C24-91AF-61BE73F8ED69}.Debug|Any CPU.Build.0 = Debug|Any CPU
		{AF43556C-9934-4C24-91AF-61BE73F8ED69}.Debug|iPhone.ActiveCfg = Debug|Any CPU
		{AF43556C-9934-4C24-91AF-61BE73F8ED69}.Debug|iPhone.Build.0 = Debug|Any CPU
		{AF43556C-9934-4C24-91AF-61BE73F8ED69}.Debug|iPhoneSimulator.ActiveCfg = Debug|Any CPU
		{AF43556C-9934-4C24-91AF-61BE73F8ED69}.Debug|iPhoneSimulator.Build.0 = Debug|Any CPU
		{AF43556C-9934-4C24-91AF-61BE73F8ED69}.Release|Any CPU.ActiveCfg = Release|Any CPU
		{AF43556C-9934-4C24-91AF-61BE73F8ED69}.Release|Any CPU.Build.0 = Release|Any CPU
		{AF43556C-9934-4C24-91AF-61BE73F8ED69}.Release|iPhone.ActiveCfg = Release|Any CPU
		{AF43556C-9934-4C24-91AF-61BE73F8ED69}.Release|iPhone.Build.0 = Release|Any CPU
		{AF43556C-9934-4C24-91AF-61BE73F8ED69}.Release|iPhoneSimulator.ActiveCfg = Release|Any CPU
		{AF43556C-9934-4C24-91AF-61BE73F8ED69}.Release|iPhoneSimulator.Build.0 = Release|Any CPU
		{770D65AB-42E8-4DA2-B165-2D857690E7F2}.Debug|Any CPU.ActiveCfg = Debug|Any CPU
		{770D65AB-42E8-4DA2-B165-2D857690E7F2}.Debug|Any CPU.Build.0 = Debug|Any CPU
		{770D65AB-42E8-4DA2-B165-2D857690E7F2}.Debug|Any CPU.Deploy.0 = Debug|Any CPU
		{770D65AB-42E8-4DA2-B165-2D857690E7F2}.Debug|iPhone.ActiveCfg = Debug|Any CPU
		{770D65AB-42E8-4DA2-B165-2D857690E7F2}.Debug|iPhone.Build.0 = Debug|Any CPU
		{770D65AB-42E8-4DA2-B165-2D857690E7F2}.Debug|iPhone.Deploy.0 = Debug|Any CPU
		{770D65AB-42E8-4DA2-B165-2D857690E7F2}.Debug|iPhoneSimulator.ActiveCfg = Debug|Any CPU
		{770D65AB-42E8-4DA2-B165-2D857690E7F2}.Debug|iPhoneSimulator.Build.0 = Debug|Any CPU
		{770D65AB-42E8-4DA2-B165-2D857690E7F2}.Debug|iPhoneSimulator.Deploy.0 = Debug|Any CPU
		{770D65AB-42E8-4DA2-B165-2D857690E7F2}.Release|Any CPU.ActiveCfg = Release|Any CPU
		{770D65AB-42E8-4DA2-B165-2D857690E7F2}.Release|Any CPU.Build.0 = Release|Any CPU
		{770D65AB-42E8-4DA2-B165-2D857690E7F2}.Release|Any CPU.Deploy.0 = Release|Any CPU
		{770D65AB-42E8-4DA2-B165-2D857690E7F2}.Release|iPhone.ActiveCfg = Release|Any CPU
		{770D65AB-42E8-4DA2-B165-2D857690E7F2}.Release|iPhone.Build.0 = Release|Any CPU
		{770D65AB-42E8-4DA2-B165-2D857690E7F2}.Release|iPhone.Deploy.0 = Release|Any CPU
		{770D65AB-42E8-4DA2-B165-2D857690E7F2}.Release|iPhoneSimulator.ActiveCfg = Release|Any CPU
		{770D65AB-42E8-4DA2-B165-2D857690E7F2}.Release|iPhoneSimulator.Build.0 = Release|Any CPU
		{770D65AB-42E8-4DA2-B165-2D857690E7F2}.Release|iPhoneSimulator.Deploy.0 = Release|Any CPU
		{FB6013D7-3AC6-415B-8377-DC5258754138}.Debug|Any CPU.ActiveCfg = Debug|iPhoneSimulator
		{FB6013D7-3AC6-415B-8377-DC5258754138}.Debug|Any CPU.Build.0 = Debug|iPhoneSimulator
		{FB6013D7-3AC6-415B-8377-DC5258754138}.Debug|iPhone.ActiveCfg = Debug|iPhone
		{FB6013D7-3AC6-415B-8377-DC5258754138}.Debug|iPhone.Build.0 = Debug|iPhone
		{FB6013D7-3AC6-415B-8377-DC5258754138}.Debug|iPhoneSimulator.ActiveCfg = Debug|iPhoneSimulator
		{FB6013D7-3AC6-415B-8377-DC5258754138}.Debug|iPhoneSimulator.Build.0 = Debug|iPhoneSimulator
		{FB6013D7-3AC6-415B-8377-DC5258754138}.Release|Any CPU.ActiveCfg = Release|iPhoneSimulator
		{FB6013D7-3AC6-415B-8377-DC5258754138}.Release|Any CPU.Build.0 = Release|iPhoneSimulator
		{FB6013D7-3AC6-415B-8377-DC5258754138}.Release|iPhone.ActiveCfg = Release|iPhone
		{FB6013D7-3AC6-415B-8377-DC5258754138}.Release|iPhone.Build.0 = Release|iPhone
		{FB6013D7-3AC6-415B-8377-DC5258754138}.Release|iPhoneSimulator.ActiveCfg = Release|iPhoneSimulator
		{FB6013D7-3AC6-415B-8377-DC5258754138}.Release|iPhoneSimulator.Build.0 = Release|iPhoneSimulator
		{7207D49C-4043-46AB-AF8D-CA3320C3BD60}.Debug|Any CPU.ActiveCfg = Debug|Any CPU
		{7207D49C-4043-46AB-AF8D-CA3320C3BD60}.Debug|Any CPU.Build.0 = Debug|Any CPU
		{7207D49C-4043-46AB-AF8D-CA3320C3BD60}.Debug|iPhone.ActiveCfg = Debug|Any CPU
		{7207D49C-4043-46AB-AF8D-CA3320C3BD60}.Debug|iPhone.Build.0 = Debug|Any CPU
		{7207D49C-4043-46AB-AF8D-CA3320C3BD60}.Debug|iPhoneSimulator.ActiveCfg = Debug|Any CPU
		{7207D49C-4043-46AB-AF8D-CA3320C3BD60}.Debug|iPhoneSimulator.Build.0 = Debug|Any CPU
		{7207D49C-4043-46AB-AF8D-CA3320C3BD60}.Release|Any CPU.ActiveCfg = Release|Any CPU
		{7207D49C-4043-46AB-AF8D-CA3320C3BD60}.Release|Any CPU.Build.0 = Release|Any CPU
		{7207D49C-4043-46AB-AF8D-CA3320C3BD60}.Release|iPhone.ActiveCfg = Release|Any CPU
		{7207D49C-4043-46AB-AF8D-CA3320C3BD60}.Release|iPhone.Build.0 = Release|Any CPU
		{7207D49C-4043-46AB-AF8D-CA3320C3BD60}.Release|iPhoneSimulator.ActiveCfg = Release|Any CPU
		{7207D49C-4043-46AB-AF8D-CA3320C3BD60}.Release|iPhoneSimulator.Build.0 = Release|Any CPU
		{36F58151-6D1D-4B15-B98D-016574ACF0B9}.Debug|Any CPU.ActiveCfg = Debug|Any CPU
		{36F58151-6D1D-4B15-B98D-016574ACF0B9}.Debug|Any CPU.Build.0 = Debug|Any CPU
		{36F58151-6D1D-4B15-B98D-016574ACF0B9}.Debug|Any CPU.Deploy.0 = Debug|Any CPU
		{36F58151-6D1D-4B15-B98D-016574ACF0B9}.Debug|iPhone.ActiveCfg = Debug|Any CPU
		{36F58151-6D1D-4B15-B98D-016574ACF0B9}.Debug|iPhone.Build.0 = Debug|Any CPU
		{36F58151-6D1D-4B15-B98D-016574ACF0B9}.Debug|iPhone.Deploy.0 = Debug|Any CPU
		{36F58151-6D1D-4B15-B98D-016574ACF0B9}.Debug|iPhoneSimulator.ActiveCfg = Debug|Any CPU
		{36F58151-6D1D-4B15-B98D-016574ACF0B9}.Debug|iPhoneSimulator.Build.0 = Debug|Any CPU
		{36F58151-6D1D-4B15-B98D-016574ACF0B9}.Debug|iPhoneSimulator.Deploy.0 = Debug|Any CPU
		{36F58151-6D1D-4B15-B98D-016574ACF0B9}.Release|Any CPU.ActiveCfg = Release|Any CPU
		{36F58151-6D1D-4B15-B98D-016574ACF0B9}.Release|Any CPU.Build.0 = Release|Any CPU
		{36F58151-6D1D-4B15-B98D-016574ACF0B9}.Release|Any CPU.Deploy.0 = Release|Any CPU
		{36F58151-6D1D-4B15-B98D-016574ACF0B9}.Release|iPhone.ActiveCfg = Release|Any CPU
		{36F58151-6D1D-4B15-B98D-016574ACF0B9}.Release|iPhone.Build.0 = Release|Any CPU
		{36F58151-6D1D-4B15-B98D-016574ACF0B9}.Release|iPhone.Deploy.0 = Release|Any CPU
		{36F58151-6D1D-4B15-B98D-016574ACF0B9}.Release|iPhoneSimulator.ActiveCfg = Release|Any CPU
		{36F58151-6D1D-4B15-B98D-016574ACF0B9}.Release|iPhoneSimulator.Build.0 = Release|Any CPU
		{36F58151-6D1D-4B15-B98D-016574ACF0B9}.Release|iPhoneSimulator.Deploy.0 = Release|Any CPU
		{B96069A4-65A4-432A-9BC9-BEC8699EB055}.Debug|Any CPU.ActiveCfg = Debug|Any CPU
		{B96069A4-65A4-432A-9BC9-BEC8699EB055}.Debug|Any CPU.Build.0 = Debug|Any CPU
		{B96069A4-65A4-432A-9BC9-BEC8699EB055}.Debug|iPhone.ActiveCfg = Debug|Any CPU
		{B96069A4-65A4-432A-9BC9-BEC8699EB055}.Debug|iPhone.Build.0 = Debug|Any CPU
		{B96069A4-65A4-432A-9BC9-BEC8699EB055}.Debug|iPhoneSimulator.ActiveCfg = Debug|Any CPU
		{B96069A4-65A4-432A-9BC9-BEC8699EB055}.Debug|iPhoneSimulator.Build.0 = Debug|Any CPU
		{B96069A4-65A4-432A-9BC9-BEC8699EB055}.Release|Any CPU.ActiveCfg = Release|Any CPU
		{B96069A4-65A4-432A-9BC9-BEC8699EB055}.Release|Any CPU.Build.0 = Release|Any CPU
		{B96069A4-65A4-432A-9BC9-BEC8699EB055}.Release|iPhone.ActiveCfg = Release|Any CPU
		{B96069A4-65A4-432A-9BC9-BEC8699EB055}.Release|iPhone.Build.0 = Release|Any CPU
		{B96069A4-65A4-432A-9BC9-BEC8699EB055}.Release|iPhoneSimulator.ActiveCfg = Release|Any CPU
		{B96069A4-65A4-432A-9BC9-BEC8699EB055}.Release|iPhoneSimulator.Build.0 = Release|Any CPU
		{81A3C6C2-D75A-449E-BECF-8AE0A2B19B45}.Debug|Any CPU.ActiveCfg = Debug|Any CPU
		{81A3C6C2-D75A-449E-BECF-8AE0A2B19B45}.Debug|Any CPU.Build.0 = Debug|Any CPU
		{81A3C6C2-D75A-449E-BECF-8AE0A2B19B45}.Debug|Any CPU.Deploy.0 = Debug|Any CPU
		{81A3C6C2-D75A-449E-BECF-8AE0A2B19B45}.Debug|iPhone.ActiveCfg = Debug|Any CPU
		{81A3C6C2-D75A-449E-BECF-8AE0A2B19B45}.Debug|iPhone.Build.0 = Debug|Any CPU
		{81A3C6C2-D75A-449E-BECF-8AE0A2B19B45}.Debug|iPhone.Deploy.0 = Debug|Any CPU
		{81A3C6C2-D75A-449E-BECF-8AE0A2B19B45}.Debug|iPhoneSimulator.ActiveCfg = Debug|Any CPU
		{81A3C6C2-D75A-449E-BECF-8AE0A2B19B45}.Debug|iPhoneSimulator.Build.0 = Debug|Any CPU
		{81A3C6C2-D75A-449E-BECF-8AE0A2B19B45}.Debug|iPhoneSimulator.Deploy.0 = Debug|Any CPU
		{81A3C6C2-D75A-449E-BECF-8AE0A2B19B45}.Release|Any CPU.ActiveCfg = Release|Any CPU
		{81A3C6C2-D75A-449E-BECF-8AE0A2B19B45}.Release|Any CPU.Build.0 = Release|Any CPU
		{81A3C6C2-D75A-449E-BECF-8AE0A2B19B45}.Release|Any CPU.Deploy.0 = Release|Any CPU
		{81A3C6C2-D75A-449E-BECF-8AE0A2B19B45}.Release|iPhone.ActiveCfg = Release|Any CPU
		{81A3C6C2-D75A-449E-BECF-8AE0A2B19B45}.Release|iPhone.Build.0 = Release|Any CPU
		{81A3C6C2-D75A-449E-BECF-8AE0A2B19B45}.Release|iPhone.Deploy.0 = Release|Any CPU
		{81A3C6C2-D75A-449E-BECF-8AE0A2B19B45}.Release|iPhoneSimulator.ActiveCfg = Release|Any CPU
		{81A3C6C2-D75A-449E-BECF-8AE0A2B19B45}.Release|iPhoneSimulator.Build.0 = Release|Any CPU
		{81A3C6C2-D75A-449E-BECF-8AE0A2B19B45}.Release|iPhoneSimulator.Deploy.0 = Release|Any CPU
		{80625742-702D-4C8D-B331-7D2E5FFDC287}.Debug|Any CPU.ActiveCfg = Debug|iPhoneSimulator
		{80625742-702D-4C8D-B331-7D2E5FFDC287}.Debug|Any CPU.Build.0 = Debug|iPhoneSimulator
		{80625742-702D-4C8D-B331-7D2E5FFDC287}.Debug|iPhone.ActiveCfg = Debug|iPhone
		{80625742-702D-4C8D-B331-7D2E5FFDC287}.Debug|iPhone.Build.0 = Debug|iPhone
		{80625742-702D-4C8D-B331-7D2E5FFDC287}.Debug|iPhoneSimulator.ActiveCfg = Debug|iPhoneSimulator
		{80625742-702D-4C8D-B331-7D2E5FFDC287}.Debug|iPhoneSimulator.Build.0 = Debug|iPhoneSimulator
		{80625742-702D-4C8D-B331-7D2E5FFDC287}.Release|Any CPU.ActiveCfg = Release|iPhoneSimulator
		{80625742-702D-4C8D-B331-7D2E5FFDC287}.Release|Any CPU.Build.0 = Release|iPhoneSimulator
		{80625742-702D-4C8D-B331-7D2E5FFDC287}.Release|iPhone.ActiveCfg = Release|iPhone
		{80625742-702D-4C8D-B331-7D2E5FFDC287}.Release|iPhone.Build.0 = Release|iPhone
		{80625742-702D-4C8D-B331-7D2E5FFDC287}.Release|iPhoneSimulator.ActiveCfg = Release|iPhoneSimulator
		{80625742-702D-4C8D-B331-7D2E5FFDC287}.Release|iPhoneSimulator.Build.0 = Release|iPhoneSimulator
		{1B2F80A5-8CEA-4C3A-8B44-458A18A40D89}.Debug|Any CPU.ActiveCfg = Debug|Any CPU
		{1B2F80A5-8CEA-4C3A-8B44-458A18A40D89}.Debug|Any CPU.Build.0 = Debug|Any CPU
		{1B2F80A5-8CEA-4C3A-8B44-458A18A40D89}.Debug|iPhone.ActiveCfg = Debug|Any CPU
		{1B2F80A5-8CEA-4C3A-8B44-458A18A40D89}.Debug|iPhone.Build.0 = Debug|Any CPU
		{1B2F80A5-8CEA-4C3A-8B44-458A18A40D89}.Debug|iPhoneSimulator.ActiveCfg = Debug|Any CPU
		{1B2F80A5-8CEA-4C3A-8B44-458A18A40D89}.Debug|iPhoneSimulator.Build.0 = Debug|Any CPU
		{1B2F80A5-8CEA-4C3A-8B44-458A18A40D89}.Release|Any CPU.ActiveCfg = Release|Any CPU
		{1B2F80A5-8CEA-4C3A-8B44-458A18A40D89}.Release|Any CPU.Build.0 = Release|Any CPU
		{1B2F80A5-8CEA-4C3A-8B44-458A18A40D89}.Release|iPhone.ActiveCfg = Release|Any CPU
		{1B2F80A5-8CEA-4C3A-8B44-458A18A40D89}.Release|iPhone.Build.0 = Release|Any CPU
		{1B2F80A5-8CEA-4C3A-8B44-458A18A40D89}.Release|iPhoneSimulator.ActiveCfg = Release|Any CPU
		{1B2F80A5-8CEA-4C3A-8B44-458A18A40D89}.Release|iPhoneSimulator.Build.0 = Release|Any CPU
		{EB81D197-7AD8-4CC4-B189-141D12F3CC8A}.Debug|Any CPU.ActiveCfg = Debug|Any CPU
		{EB81D197-7AD8-4CC4-B189-141D12F3CC8A}.Debug|Any CPU.Build.0 = Debug|Any CPU
		{EB81D197-7AD8-4CC4-B189-141D12F3CC8A}.Debug|Any CPU.Deploy.0 = Debug|Any CPU
		{EB81D197-7AD8-4CC4-B189-141D12F3CC8A}.Debug|iPhone.ActiveCfg = Debug|Any CPU
		{EB81D197-7AD8-4CC4-B189-141D12F3CC8A}.Debug|iPhone.Build.0 = Debug|Any CPU
		{EB81D197-7AD8-4CC4-B189-141D12F3CC8A}.Debug|iPhone.Deploy.0 = Debug|Any CPU
		{EB81D197-7AD8-4CC4-B189-141D12F3CC8A}.Debug|iPhoneSimulator.ActiveCfg = Debug|Any CPU
		{EB81D197-7AD8-4CC4-B189-141D12F3CC8A}.Debug|iPhoneSimulator.Build.0 = Debug|Any CPU
		{EB81D197-7AD8-4CC4-B189-141D12F3CC8A}.Debug|iPhoneSimulator.Deploy.0 = Debug|Any CPU
		{EB81D197-7AD8-4CC4-B189-141D12F3CC8A}.Release|Any CPU.ActiveCfg = Release|Any CPU
		{EB81D197-7AD8-4CC4-B189-141D12F3CC8A}.Release|Any CPU.Build.0 = Release|Any CPU
		{EB81D197-7AD8-4CC4-B189-141D12F3CC8A}.Release|Any CPU.Deploy.0 = Release|Any CPU
		{EB81D197-7AD8-4CC4-B189-141D12F3CC8A}.Release|iPhone.ActiveCfg = Release|Any CPU
		{EB81D197-7AD8-4CC4-B189-141D12F3CC8A}.Release|iPhone.Build.0 = Release|Any CPU
		{EB81D197-7AD8-4CC4-B189-141D12F3CC8A}.Release|iPhone.Deploy.0 = Release|Any CPU
		{EB81D197-7AD8-4CC4-B189-141D12F3CC8A}.Release|iPhoneSimulator.ActiveCfg = Release|Any CPU
		{EB81D197-7AD8-4CC4-B189-141D12F3CC8A}.Release|iPhoneSimulator.Build.0 = Release|Any CPU
		{EB81D197-7AD8-4CC4-B189-141D12F3CC8A}.Release|iPhoneSimulator.Deploy.0 = Release|Any CPU
		{E6A54772-56C0-40A3-A56C-094D013D1694}.Debug|Any CPU.ActiveCfg = Debug|iPhoneSimulator
		{E6A54772-56C0-40A3-A56C-094D013D1694}.Debug|Any CPU.Build.0 = Debug|iPhoneSimulator
		{E6A54772-56C0-40A3-A56C-094D013D1694}.Debug|iPhone.ActiveCfg = Debug|iPhone
		{E6A54772-56C0-40A3-A56C-094D013D1694}.Debug|iPhone.Build.0 = Debug|iPhone
		{E6A54772-56C0-40A3-A56C-094D013D1694}.Debug|iPhoneSimulator.ActiveCfg = Debug|iPhoneSimulator
		{E6A54772-56C0-40A3-A56C-094D013D1694}.Debug|iPhoneSimulator.Build.0 = Debug|iPhoneSimulator
		{E6A54772-56C0-40A3-A56C-094D013D1694}.Release|Any CPU.ActiveCfg = Release|iPhoneSimulator
		{E6A54772-56C0-40A3-A56C-094D013D1694}.Release|Any CPU.Build.0 = Release|iPhoneSimulator
		{E6A54772-56C0-40A3-A56C-094D013D1694}.Release|iPhone.ActiveCfg = Release|iPhone
		{E6A54772-56C0-40A3-A56C-094D013D1694}.Release|iPhone.Build.0 = Release|iPhone
		{E6A54772-56C0-40A3-A56C-094D013D1694}.Release|iPhoneSimulator.ActiveCfg = Release|iPhoneSimulator
		{E6A54772-56C0-40A3-A56C-094D013D1694}.Release|iPhoneSimulator.Build.0 = Release|iPhoneSimulator
		{558F2FC1-FBF3-48D2-889D-3F5C9E8D28D9}.Debug|Any CPU.ActiveCfg = Debug|Any CPU
		{558F2FC1-FBF3-48D2-889D-3F5C9E8D28D9}.Debug|Any CPU.Build.0 = Debug|Any CPU
		{558F2FC1-FBF3-48D2-889D-3F5C9E8D28D9}.Debug|iPhone.ActiveCfg = Debug|Any CPU
		{558F2FC1-FBF3-48D2-889D-3F5C9E8D28D9}.Debug|iPhone.Build.0 = Debug|Any CPU
		{558F2FC1-FBF3-48D2-889D-3F5C9E8D28D9}.Debug|iPhoneSimulator.ActiveCfg = Debug|Any CPU
		{558F2FC1-FBF3-48D2-889D-3F5C9E8D28D9}.Debug|iPhoneSimulator.Build.0 = Debug|Any CPU
		{558F2FC1-FBF3-48D2-889D-3F5C9E8D28D9}.Release|Any CPU.ActiveCfg = Release|Any CPU
		{558F2FC1-FBF3-48D2-889D-3F5C9E8D28D9}.Release|Any CPU.Build.0 = Release|Any CPU
		{558F2FC1-FBF3-48D2-889D-3F5C9E8D28D9}.Release|iPhone.ActiveCfg = Release|Any CPU
		{558F2FC1-FBF3-48D2-889D-3F5C9E8D28D9}.Release|iPhone.Build.0 = Release|Any CPU
		{558F2FC1-FBF3-48D2-889D-3F5C9E8D28D9}.Release|iPhoneSimulator.ActiveCfg = Release|Any CPU
		{558F2FC1-FBF3-48D2-889D-3F5C9E8D28D9}.Release|iPhoneSimulator.Build.0 = Release|Any CPU
	EndGlobalSection
	GlobalSection(SolutionProperties) = preSolution
		HideSolutionNode = FALSE
	EndGlobalSection
	GlobalSection(NestedProjects) = preSolution
		{27D92294-2B71-45D7-BD18-3D738D59A583} = {95309561-DBC9-4C2B-B647-5E2EB80BE712}
		{9A9728E6-979E-4EB7-9AEF-787DD63709CD} = {95309561-DBC9-4C2B-B647-5E2EB80BE712}
		{CC9FCF0F-95E2-4FD5-9F13-9B621747BE26} = {95309561-DBC9-4C2B-B647-5E2EB80BE712}
		{D7257889-E2F9-4369-BE11-A85A58F47986} = {95309561-DBC9-4C2B-B647-5E2EB80BE712}
		{017F0E28-C24B-4375-8AE3-EA54F386EDA9} = {95309561-DBC9-4C2B-B647-5E2EB80BE712}
		{14CF34E2-3C9E-4791-8B42-9FDACEC8C6A2} = {95309561-DBC9-4C2B-B647-5E2EB80BE712}
		{135C900B-2E90-446C-A071-C0501BCC32EE} = {95309561-DBC9-4C2B-B647-5E2EB80BE712}
		{A72B4EBC-8C68-43B3-A0AE-ECE35894AC6A} = {95309561-DBC9-4C2B-B647-5E2EB80BE712}
		{3D27A825-7D6C-4895-98DC-6038EE000C2C} = {95309561-DBC9-4C2B-B647-5E2EB80BE712}
		{14E7EDE8-D791-4ACC-942C-5710C26AAF3D} = {5839812A-A60F-4398-81F8-984A0894F4B1}
		{66CFB9DC-B671-4185-A672-8BDE603B6C66} = {5839812A-A60F-4398-81F8-984A0894F4B1}
		{15580D8E-9F60-4F3E-8508-221AF03238F5} = {5839812A-A60F-4398-81F8-984A0894F4B1}
		{67E764EA-7FD0-4629-94A8-A5627254A6CE} = {5839812A-A60F-4398-81F8-984A0894F4B1}
		{64C6ADBD-AA98-4168-8EF3-D7AA687166EF} = {5839812A-A60F-4398-81F8-984A0894F4B1}
		{909FF64D-8DD4-433A-BE4F-9D651A96F5D9} = {A692A24D-C7FC-43B8-A820-FCED345C1C40}
		{A692A24D-C7FC-43B8-A820-FCED345C1C40} = {D83D59A4-7E4E-4DD4-91B8-11E877F24661}
		{3D98262A-ED7B-403A-A246-F567504901A0} = {D83D59A4-7E4E-4DD4-91B8-11E877F24661}
		{8450E2A0-EDAB-4470-ABDD-FB738C1D6BB4} = {3D98262A-ED7B-403A-A246-F567504901A0}
		{E483E0F1-A85F-4EA6-BAF5-7E850A015728} = {D83D59A4-7E4E-4DD4-91B8-11E877F24661}
		{C9C6F981-67EA-4248-8823-BCF411E23BB4} = {E483E0F1-A85F-4EA6-BAF5-7E850A015728}
		{CB4EAE30-4D75-404B-878C-C7300CE2EBD9} = {E483E0F1-A85F-4EA6-BAF5-7E850A015728}
		{6B903E74-B73C-440A-934E-A120DC5884E1} = {D83D59A4-7E4E-4DD4-91B8-11E877F24661}
		{2F72BCC9-F1B1-485C-87E4-9C6CAFE57226} = {6B903E74-B73C-440A-934E-A120DC5884E1}
		{F1C59B43-9550-497A-88A2-A9161CB93C05} = {D83D59A4-7E4E-4DD4-91B8-11E877F24661}
		{B337D058-9AD8-497E-A832-25456EE53662} = {F1C59B43-9550-497A-88A2-A9161CB93C05}
		{5C478E5A-86A4-4954-83F7-C783CA67AAFE} = {D83D59A4-7E4E-4DD4-91B8-11E877F24661}
		{7C455B5E-CD1B-4DFF-9E37-D839DD0A8B39} = {5C478E5A-86A4-4954-83F7-C783CA67AAFE}
		{1C3C56B7-77E3-420A-953F-9CE250EE1A97} = {5C478E5A-86A4-4954-83F7-C783CA67AAFE}
		{AF43556C-9934-4C24-91AF-61BE73F8ED69} = {5C478E5A-86A4-4954-83F7-C783CA67AAFE}
		{2E8480D5-B1C3-41EA-A0A3-F1E024AB4814} = {29AF4746-4BB2-40A1-B6DD-DAE4CC04D80E}
		{770D65AB-42E8-4DA2-B165-2D857690E7F2} = {2E8480D5-B1C3-41EA-A0A3-F1E024AB4814}
		{FB6013D7-3AC6-415B-8377-DC5258754138} = {2E8480D5-B1C3-41EA-A0A3-F1E024AB4814}
		{7207D49C-4043-46AB-AF8D-CA3320C3BD60} = {2E8480D5-B1C3-41EA-A0A3-F1E024AB4814}
		{10342B9E-E348-4164-A990-50F881144A0E} = {29AF4746-4BB2-40A1-B6DD-DAE4CC04D80E}
		{36F58151-6D1D-4B15-B98D-016574ACF0B9} = {10342B9E-E348-4164-A990-50F881144A0E}
		{B96069A4-65A4-432A-9BC9-BEC8699EB055} = {10342B9E-E348-4164-A990-50F881144A0E}
		{838A7498-064B-4488-8B9E-6B31245BEE04} = {29AF4746-4BB2-40A1-B6DD-DAE4CC04D80E}
		{81A3C6C2-D75A-449E-BECF-8AE0A2B19B45} = {838A7498-064B-4488-8B9E-6B31245BEE04}
		{80625742-702D-4C8D-B331-7D2E5FFDC287} = {838A7498-064B-4488-8B9E-6B31245BEE04}
		{1B2F80A5-8CEA-4C3A-8B44-458A18A40D89} = {838A7498-064B-4488-8B9E-6B31245BEE04}
		{7D3395B3-DC6C-4DDB-9524-F54F027F5FF3} = {29AF4746-4BB2-40A1-B6DD-DAE4CC04D80E}
		{EB81D197-7AD8-4CC4-B189-141D12F3CC8A} = {7D3395B3-DC6C-4DDB-9524-F54F027F5FF3}
		{E6A54772-56C0-40A3-A56C-094D013D1694} = {7D3395B3-DC6C-4DDB-9524-F54F027F5FF3}
		{558F2FC1-FBF3-48D2-889D-3F5C9E8D28D9} = {7D3395B3-DC6C-4DDB-9524-F54F027F5FF3}
	EndGlobalSection
	GlobalSection(ExtensibilityGlobals) = postSolution
		SolutionGuid = {84F08BD6-5A7E-457E-BB97-0994CB37C669}
	EndGlobalSection
EndGlobal
